
Microsoft Visual Studio Solution File, Format Version 12.00
# Visual Studio Version 17
VisualStudioVersion = 17.1.32328.378
MinimumVisualStudioVersion = 10.0.40219.1
Project("{9A19103F-16F7-4668-BE54-9A1E7A4F7556}") = "ExtraThings", "ExtraThings\ExtraThings.csproj", "{6AE197A3-D943-4EF9-BBE6-8B3D8628ED04}"
EndProject
Global
	GlobalSection(SolutionConfigurationPlatforms) = preSolution
		Debug|Any CPU = Debug|Any CPU
		Release|Any CPU = Release|Any CPU
	EndGlobalSection
	GlobalSection(ProjectConfigurationPlatforms) = postSolution
		{6AE197A3-D943-4EF9-BBE6-8B3D8628ED04}.Debug|Any CPU.ActiveCfg = Debug|Any CPU
		{6AE197A3-D943-4EF9-BBE6-8B3D8628ED04}.Debug|Any CPU.Build.0 = Debug|Any CPU
		{6AE197A3-D943-4EF9-BBE6-8B3D8628ED04}.Release|Any CPU.ActiveCfg = Release|Any CPU
		{6AE197A3-D943-4EF9-BBE6-8B3D8628ED04}.Release|Any CPU.Build.0 = Release|Any CPU
	EndGlobalSection
	GlobalSection(SolutionProperties) = preSolution
		HideSolutionNode = FALSE
	EndGlobalSection
	GlobalSection(ExtensibilityGlobals) = postSolution
		SolutionGuid = {2D5A0ECF-422E-4CA6-B37E-C59EE17A87E2}
	EndGlobalSection
EndGlobal
